lockfileVersion: '9.0'

settings:
  autoInstallPeers: true
  excludeLinksFromLockfile: false

importers:

  .:
    dependencies:
      '@supabase/supabase-js':
        specifier: ^2.0.0
        version: 2.107.0

packages:

  '@supabase/auth-js@2.107.0':
    resolution: {integrity: sha512-XA7x+WIeIvuC3GTZ2ey67QcBbGw4n+o5B7M+dMm9KT1lL3wX1B52DfEWW00WuPt/LnniJLLIn1WIm9YPtuxzKQ==}
    engines: {node: '>=20.0.0'}

  '@supabase/functions-js@2.107.0':
    resolution: {integrity: sha512-iMtRUmEj1KOgQd/a3MR4hnBlPnZc62DW8+z8aPpnzbxWkexEZUVL2fSgvvp15gqFg1V55e2yMGqgK+yhSQxp5w==}
    engines: {node: '>=20.0.0'}

  '@supabase/phoenix@0.4.2':
    resolution: {integrity: sha512-YSAGnmDAfuleFCVt3CeurQZAhxRfXWeZIIkwp7NhYzQ1UwW6ePSnzsFAiUm/mbCkfoCf70QQHKW/K6RKh52a4A==}

  '@supabase/postgrest-js@2.107.0':
    resolution: {integrity: sha512-7ARs47/tyIjX7T0Ive20d4NY8zQYXsP5/P07jJWxffSIM2gpnSnGRnL/Fe15GPbdjsW2sTYeckHcyaoKbM6yWQ==}
    engines: {node: '>=20.0.0'}

  '@supabase/realtime-js@2.107.0':
    resolution: {integrity: sha512-cF2KYdR3JIn9YlWGeluY9S0G+otqTdL6hB8GzpatlEIY6fZudCcyFo6Dc3+X9tjeb+x9XcIyNAk9qhNAknjH1A==}
    engines: {node: '>=20.0.0'}

  '@supabase/storage-js@2.107.0':
    resolution: {integrity: sha512-/X8OOVwKBn8aVKuHAGOz2yLA0d2OauqhVuy4mNtN+o7wttHOgx1/j+pqOzlsjmhOHrYykF6AJNZhs3gKZzcMUw==}
    engines: {node: '>=20.0.0'}

  '@supabase/supabase-js@2.107.0':
    resolution: {integrity: sha512-ChKzdlWVweMUUhr0U79JhMmgm1haS/C5JquaiCDr70JaGARRtjjoY9rkIheXWybXxTSNzRiQs3Sk8IAg1HS3ZA==}
    engines: {node: '>=20.0.0'}

  iceberg-js@0.8.1:
    resolution: {integrity: sha512-1dhVQZXhcHje7798IVM+xoo/1ZdVfzOMIc8/rgVSijRK38EDqOJoGula9N/8ZI5RD8QTxNQtK/Gozpr+qUqRRA==}
    engines: {node: '>=20.0.0'}

  tslib@2.8.1:
    resolution: {integrity: sha512-oJFu94HQb+KVduSUQL7wnpmqnfmLsOA/nAh6b6EH0wCEoK0/mPeXU6c3wKDV83MkOuHPRHtSXKKU99IBazS/2w==}

snapshots:

  '@supabase/auth-js@2.107.0':
    dependencies:
      tslib: 2.8.1

  '@supabase/functions-js@2.107.0':
    dependencies:
      tslib: 2.8.1

  '@supabase/phoenix@0.4.2': {}

  '@supabase/postgrest-js@2.107.0':
    dependencies:
      tslib: 2.8.1

  '@supabase/realtime-js@2.107.0':
    dependencies:
      '@supabase/phoenix': 0.4.2
      tslib: 2.8.1

  '@supabase/storage-js@2.107.0':
    dependencies:
      iceberg-js: 0.8.1
      tslib: 2.8.1

  '@supabase/supabase-js@2.107.0':
    dependencies:
      '@supabase/auth-js': 2.107.0
      '@supabase/functions-js': 2.107.0
      '@supabase/postgrest-js': 2.107.0
      '@supabase/realtime-js': 2.107.0
      '@supabase/storage-js': 2.107.0

  iceberg-js@0.8.1: {}

  tslib@2.8.1: {}
